
Microsoft Visual Studio Solution File, Format Version 12.00
# Visual Studio Version 17
VisualStudioVersion = 17.13.35828.75 d17.13
MinimumVisualStudioVersion = 10.0.40219.1
Project("{FAE04EC0-301F-11D3-BF4B-00C04F79EFBC}") = "OrderProcessing", "OrderProcessing.csproj", "{768EE122-2B4D-48DA-9C4A-73A07FCF264D}"
EndProject
Global
	GlobalSection(SolutionConfigurationPlatforms) = preSolution
		Debug|Any CPU = Debug|Any CPU
		Release|Any CPU = Release|Any CPU
	EndGlobalSection
	GlobalSection(ProjectConfigurationPlatforms) = postSolution
		{768EE122-2B4D-48DA-9C4A-73A07FCF264D}.Debug|Any CPU.ActiveCfg = Debug|Any CPU
		{768EE122-2B4D-48DA-9C4A-73A07FCF264D}.Debug|Any CPU.Build.0 = Debug|Any CPU
		{768EE122-2B4D-48DA-9C4A-73A07FCF264D}.Release|Any CPU.ActiveCfg = Release|Any CPU
		{768EE122-2B4D-48DA-9C4A-73A07FCF264D}.Release|Any CPU.Build.0 = Release|Any CPU
	EndGlobalSection
	GlobalSection(SolutionProperties) = preSolution
		HideSolutionNode = FALSE
	EndGlobalSection
	GlobalSection(ExtensibilityGlobals) = postSolution
		SolutionGuid = {F357E186-0AC9-49BF-B3CB-3EF8AD3FC56B}
	EndGlobalSection
EndGlobal
